
Microsoft Visual Studio Solution File, Format Version 12.00
# Visual Studio Version 17
VisualStudioVersion = 17.5.33516.290
MinimumVisualStudioVersion = 10.0.40219.1
Project("{FAE04EC0-301F-11D3-BF4B-00C04F79EFBC}") = "WebApp", "WebApp.csproj", "{BF651AA7-6CD3-49FB-83EB-4273971BA207}"
EndProject
Global
	GlobalSection(SolutionConfigurationPlatforms) = preSolution
		Debug|Any CPU = Debug|Any CPU
		Release|Any CPU = Release|Any CPU
	EndGlobalSection
	GlobalSection(ProjectConfigurationPlatforms) = postSolution
		{BF651AA7-6CD3-49FB-83EB-4273971BA207}.Debug|Any CPU.ActiveCfg = Debug|Any CPU
		{BF651AA7-6CD3-49FB-83EB-4273971BA207}.Debug|Any CPU.Build.0 = Debug|Any CPU
		{BF651AA7-6CD3-49FB-83EB-4273971BA207}.Release|Any CPU.ActiveCfg = Release|Any CPU
		{BF651AA7-6CD3-49FB-83EB-4273971BA207}.Release|Any CPU.Build.0 = Release|Any CPU
	EndGlobalSection
	GlobalSection(SolutionProperties) = preSolution
		HideSolutionNode = FALSE
	EndGlobalSection
	GlobalSection(ExtensibilityGlobals) = postSolution
		SolutionGuid = {4F81348F-CFE0-4ADC-88A8-B650E8CC56DC}
	EndGlobalSection
EndGlobal
