
Microsoft Visual Studio Solution File, Format Version 12.00
# Visual Studio Version 17
VisualStudioVersion = 17.5.33516.290
MinimumVisualStudioVersion = 10.0.40219.1
Project("{FAE04EC0-301F-11D3-BF4B-00C04F79EFBC}") = "01_ServiceLifeTimes", "01_ServiceLifeTimes\01_ServiceLifeTimes.csproj", "{6ACEB8F4-CF7B-4CC3-9E5A-839E951081DA}"
EndProject
Project("{FAE04EC0-301F-11D3-BF4B-00C04F79EFBC}") = "02_EFC_CodeFirst", "02_EFC_CodeFirst\02_EFC_CodeFirst.csproj", "{6709C890-5965-4D57-B5D7-06DBCF536BA3}"
EndProject
Global
	GlobalSection(SolutionConfigurationPlatforms) = preSolution
		Debug|Any CPU = Debug|Any CPU
		Release|Any CPU = Release|Any CPU
	EndGlobalSection
	GlobalSection(ProjectConfigurationPlatforms) = postSolution
		{6ACEB8F4-CF7B-4CC3-9E5A-839E951081DA}.Debug|Any CPU.ActiveCfg = Debug|Any CPU
		{6ACEB8F4-CF7B-4CC3-9E5A-839E951081DA}.Debug|Any CPU.Build.0 = Debug|Any CPU
		{6ACEB8F4-CF7B-4CC3-9E5A-839E951081DA}.Release|Any CPU.ActiveCfg = Release|Any CPU
		{6ACEB8F4-CF7B-4CC3-9E5A-839E951081DA}.Release|Any CPU.Build.0 = Release|Any CPU
		{6709C890-5965-4D57-B5D7-06DBCF536BA3}.Debug|Any CPU.ActiveCfg = Debug|Any CPU
		{6709C890-5965-4D57-B5D7-06DBCF536BA3}.Debug|Any CPU.Build.0 = Debug|Any CPU
		{6709C890-5965-4D57-B5D7-06DBCF536BA3}.Release|Any CPU.ActiveCfg = Release|Any CPU
		{6709C890-5965-4D57-B5D7-06DBCF536BA3}.Release|Any CPU.Build.0 = Release|Any CPU
	EndGlobalSection
	GlobalSection(SolutionProperties) = preSolution
		HideSolutionNode = FALSE
	EndGlobalSection
	GlobalSection(ExtensibilityGlobals) = postSolution
		SolutionGuid = {464CCE1E-F902-4C9E-990D-6CA5667FCDA2}
	EndGlobalSection
EndGlobal
