
Microsoft Visual Studio Solution File, Format Version 12.00
# Visual Studio Version 17
VisualStudioVersion = 17.5.33516.290
MinimumVisualStudioVersion = 10.0.40219.1
Project("{FAE04EC0-301F-11D3-BF4B-00C04F79EFBC}") = "WebApi", "WebApi\WebApi.csproj", "{492452F4-04DF-4160-B8A6-1164375CC45C}"
EndProject
Global
	GlobalSection(SolutionConfigurationPlatforms) = preSolution
		Debug|Any CPU = Debug|Any CPU
		Release|Any CPU = Release|Any CPU
	EndGlobalSection
	GlobalSection(ProjectConfigurationPlatforms) = postSolution
		{492452F4-04DF-4160-B8A6-1164375CC45C}.Debug|Any CPU.ActiveCfg = Debug|Any CPU
		{492452F4-04DF-4160-B8A6-1164375CC45C}.Debug|Any CPU.Build.0 = Debug|Any CPU
		{492452F4-04DF-4160-B8A6-1164375CC45C}.Release|Any CPU.ActiveCfg = Release|Any CPU
		{492452F4-04DF-4160-B8A6-1164375CC45C}.Release|Any CPU.Build.0 = Release|Any CPU
	EndGlobalSection
	GlobalSection(SolutionProperties) = preSolution
		HideSolutionNode = FALSE
	EndGlobalSection
	GlobalSection(ExtensibilityGlobals) = postSolution
		SolutionGuid = {B68F2054-330E-4E87-8EE1-B5A8347C2D99}
	EndGlobalSection
EndGlobal
