
Microsoft Visual Studio Solution File, Format Version 12.00
# Visual Studio Version 17
VisualStudioVersion = 17.5.33414.496
MinimumVisualStudioVersion = 10.0.40219.1
Project("{FAE04EC0-301F-11D3-BF4B-00C04F79EFBC}") = "01_AspNetMVC", "01_AspNetMVC\01_AspNetMVC.csproj", "{0AE8B943-FC40-41BC-8A81-15074574422D}"
EndProject
Project("{FAE04EC0-301F-11D3-BF4B-00C04F79EFBC}") = "01_AspNetWebApp", "01_AspNetWebApp\01_AspNetWebApp.csproj", "{936D23A4-EF26-4380-9608-BC1F0776724B}"
EndProject
Project("{FAE04EC0-301F-11D3-BF4B-00C04F79EFBC}") = "01_BlazorServer", "01_BlazorServer\01_BlazorServer.csproj", "{75F4D68D-8B8E-4370-8D28-E2BAFBF37F49}"
EndProject
Project("{FAE04EC0-301F-11D3-BF4B-00C04F79EFBC}") = "01_BlazorWebAssembly", "01_BlazorWebAssembly\01_BlazorWebAssembly.csproj", "{01DDB78E-A754-4094-955D-E603A8B6DE72}"
EndProject
Global
	GlobalSection(SolutionConfigurationPlatforms) = preSolution
		Debug|Any CPU = Debug|Any CPU
		Release|Any CPU = Release|Any CPU
	EndGlobalSection
	GlobalSection(ProjectConfigurationPlatforms) = postSolution
		{0AE8B943-FC40-41BC-8A81-15074574422D}.Debug|Any CPU.ActiveCfg = Debug|Any CPU
		{0AE8B943-FC40-41BC-8A81-15074574422D}.Debug|Any CPU.Build.0 = Debug|Any CPU
		{0AE8B943-FC40-41BC-8A81-15074574422D}.Release|Any CPU.ActiveCfg = Release|Any CPU
		{0AE8B943-FC40-41BC-8A81-15074574422D}.Release|Any CPU.Build.0 = Release|Any CPU
		{936D23A4-EF26-4380-9608-BC1F0776724B}.Debug|Any CPU.ActiveCfg = Debug|Any CPU
		{936D23A4-EF26-4380-9608-BC1F0776724B}.Debug|Any CPU.Build.0 = Debug|Any CPU
		{936D23A4-EF26-4380-9608-BC1F0776724B}.Release|Any CPU.ActiveCfg = Release|Any CPU
		{936D23A4-EF26-4380-9608-BC1F0776724B}.Release|Any CPU.Build.0 = Release|Any CPU
		{75F4D68D-8B8E-4370-8D28-E2BAFBF37F49}.Debug|Any CPU.ActiveCfg = Debug|Any CPU
		{75F4D68D-8B8E-4370-8D28-E2BAFBF37F49}.Debug|Any CPU.Build.0 = Debug|Any CPU
		{75F4D68D-8B8E-4370-8D28-E2BAFBF37F49}.Release|Any CPU.ActiveCfg = Release|Any CPU
		{75F4D68D-8B8E-4370-8D28-E2BAFBF37F49}.Release|Any CPU.Build.0 = Release|Any CPU
		{01DDB78E-A754-4094-955D-E603A8B6DE72}.Debug|Any CPU.ActiveCfg = Debug|Any CPU
		{01DDB78E-A754-4094-955D-E603A8B6DE72}.Debug|Any CPU.Build.0 = Debug|Any CPU
		{01DDB78E-A754-4094-955D-E603A8B6DE72}.Release|Any CPU.ActiveCfg = Release|Any CPU
		{01DDB78E-A754-4094-955D-E603A8B6DE72}.Release|Any CPU.Build.0 = Release|Any CPU
	EndGlobalSection
	GlobalSection(SolutionProperties) = preSolution
		HideSolutionNode = FALSE
	EndGlobalSection
	GlobalSection(ExtensibilityGlobals) = postSolution
		SolutionGuid = {23BA3340-03DD-41EB-B33F-9F5FFBF57400}
	EndGlobalSection
EndGlobal
