
Microsoft Visual Studio Solution File, Format Version 12.00
# Visual Studio Version 17
VisualStudioVersion = 17.5.33414.496
MinimumVisualStudioVersion = 10.0.40219.1
Project("{FAE04EC0-301F-11D3-BF4B-00C04F79EFBC}") = "01_AspNetMVC", "01_AspNetMVC\01_AspNetMVC.csproj", "{01E3B832-9BD7-49C5-BD8F-8D2BF9CB8B73}"
EndProject
Global
	GlobalSection(SolutionConfigurationPlatforms) = preSolution
		Debug|Any CPU = Debug|Any CPU
		Release|Any CPU = Release|Any CPU
	EndGlobalSection
	GlobalSection(ProjectConfigurationPlatforms) = postSolution
		{01E3B832-9BD7-49C5-BD8F-8D2BF9CB8B73}.Debug|Any CPU.ActiveCfg = Debug|Any CPU
		{01E3B832-9BD7-49C5-BD8F-8D2BF9CB8B73}.Debug|Any CPU.Build.0 = Debug|Any CPU
		{01E3B832-9BD7-49C5-BD8F-8D2BF9CB8B73}.Release|Any CPU.ActiveCfg = Release|Any CPU
		{01E3B832-9BD7-49C5-BD8F-8D2BF9CB8B73}.Release|Any CPU.Build.0 = Release|Any CPU
	EndGlobalSection
	GlobalSection(SolutionProperties) = preSolution
		HideSolutionNode = FALSE
	EndGlobalSection
	GlobalSection(ExtensibilityGlobals) = postSolution
		SolutionGuid = {32A6F561-AE11-4375-AA7D-757D7005EF4C}
	EndGlobalSection
EndGlobal
